// !$*UTF8*$!
{
	archiveVersion = 1;
	classes = {
	};
	objectVersion = 50;
	objects = {

/* Begin PBXBuildFile section */
		2E0844FF2349966300E905F2 /* AppDelegate.swift in Sources */ = {isa = PBXBuildFile; fileRef = 2E0844FE2349966300E905F2 /* AppDelegate.swift */; };
		2E0845012349966300E905F2 /* SceneDelegate.swift in Sources */ = {isa = PBXBuildFile; fileRef = 2E0845002349966300E905F2 /* SceneDelegate.swift */; };
		2E0845032349966300E905F2 /* ViewController.swift in Sources */ = {isa = PBXBuildFile; fileRef = 2E0845022349966300E905F2 /* ViewController.swift */; };
		2E0845062349966300E905F2 /* Main.storyboard in Resources */ = {isa = PBXBuildFile; fileRef = 2E0845042349966300E905F2 /* Main.storyboard */; };
		2E0845082349966500E905F2 /* Assets.xcassets in Resources */ = {isa = PBXBuildFile; fileRef = 2E0845072349966500E905F2 /* Assets.xcassets */; };
		2E08450B2349966500E905F2 /* LaunchScreen.storyboard in Resources */ = {isa = PBXBuildFile; fileRef = 2E0845092349966500E905F2 /* LaunchScreen.storyboard */; };
		2E0845162349966500E905F2 /* PasswordsTests.swift in Sources */ = {isa = PBXBuildFile; fileRef = 2E0845152349966500E905F2 /* PasswordsTests.swift */; };
/* End PBXBuildFile section */

/* Begin PBXContainerItemProxy section */
		2E0845122349966500E905F2 /* PBXContainerItemProxy */ = {
			isa = PBXContainerItemProxy;
			containerPortal = 2E0844F32349966300E905F2 /* Project object */;
			proxyType = 1;
			remoteGlobalIDString = 2E0844FA2349966300E905F2;
			remoteInfo = Passwords;
		};
/* End PBXContainerItemProxy section */

/* Begin PBXFileReference section */
		2E0844FB2349966300E905F2 /* Passwords.app */ = {isa = PBXFileReference; explicitFileType = wrapper.application; includeInIndex = 0; path = Passwords.app; sourceTree = BUILT_PRODUCTS_DIR; };
		2E0844FE2349966300E905F2 /* AppDelegate.swift */ = {isa = PBXFileReference; lastKnownFileType = sourcecode.swift; path = AppDelegate.swift; sourceTree = "<group>"; };
		2E0845002349966300E905F2 /* SceneDelegate.swift */ = {isa = PBXFileReference; lastKnownFileType = sourcecode.swift; path = SceneDelegate.swift; sourceTree = "<group>"; };
		2E0845022349966300E905F2 /* ViewController.swift */ = {isa = PBXFileReference; lastKnownFileType = sourcecode.swift; path = ViewController.swift; sourceTree = "<group>"; };
		2E0845052349966300E905F2 /* Base */ = {isa = PBXFileReference; lastKnownFileType = file.storyboard; name = Base; path = Base.lproj/Main.storyboard; sourceTree = "<group>"; };
		2E0845072349966500E905F2 /* Assets.xcassets */ = {isa = PBXFileReference; lastKnownFileType = folder.assetcatalog; path = Assets.xcassets; sourceTree = "<group>"; };
		2E08450A2349966500E905F2 /* Base */ = {isa = PBXFileReference; lastKnownFileType = file.storyboard; name = Base; path = Base.lproj/LaunchScreen.storyboard; sourceTree = "<group>"; };
		2E08450C2349966500E905F2 /* Info.plist */ = {isa = PBXFileReference; lastKnownFileType = text.plist.xml; path = Info.plist; sourceTree = "<group>"; };
		2E0845112349966500E905F2 /* PasswordsTests.xctest */ = {isa = PBXFileReference; explicitFileType = wrapper.cfbundle; includeInIndex = 0; path = PasswordsTests.xctest; sourceTree = BUILT_PRODUCTS_DIR; };
		2E0845152349966500E905F2 /* PasswordsTests.swift */ = {isa = PBXFileReference; lastKnownFileType = sourcecode.swift; path = PasswordsTests.swift; sourceTree = "<group>"; };
		2E0845172349966500E905F2 /* Info.plist */ = {isa = PBXFileReference; lastKnownFileType = text.plist.xml; path = Info.plist; sourceTree = "<group>"; };
/* End PBXFileReference section */

/* Begin PBXFrameworksBuildPhase section */
		2E0844F82349966300E905F2 /* Frameworks */ = {
			isa = PBXFrameworksBuildPhase;
			buildActionMask = 2147483647;
			files = (
			);
			runOnlyForDeploymentPostprocessing = 0;
		};
		2E08450E2349966500E905F2 /* Frameworks */ = {
			isa = PBXFrameworksBuildPhase;
			buildActionMask = 2147483647;
			files = (
			);
			runOnlyForDeploymentPostprocessing = 0;
		};
/* End PBXFrameworksBuildPhase section */

/* Begin PBXGroup section */
		2E0844F22349966300E905F2 = {
			isa = PBXGroup;
			children = (
				2E0844FD2349966300E905F2 /* Passwords */,
				2E0845142349966500E905F2 /* PasswordsTests */,
				2E0844FC2349966300E905F2 /* Products */,
			);
			sourceTree = "<group>";
		};
		2E0844FC2349966300E905F2 /* Products */ = {
			isa = PBXGroup;
			children = (
				2E0844FB2349966300E905F2 /* Passwords.app */,
				2E0845112349966500E905F2 /* PasswordsTests.xctest */,
			);
			name = Products;
			sourceTree = "<group>";
		};
		2E0844FD2349966300E905F2 /* Passwords */ = {
			isa = PBXGroup;
			children = (
				2E0844FE2349966300E905F2 /* AppDelegate.swift */,
				2E0845002349966300E905F2 /* SceneDelegate.swift */,
				2E0845022349966300E905F2 /* ViewController.swift */,
				2E0845042349966300E905F2 /* Main.storyboard */,
				2E0845072349966500E905F2 /* Assets.xcassets */,
				2E0845092349966500E905F2 /* LaunchScreen.storyboard */,
				2E08450C2349966500E905F2 /* Info.plist */,
			);
			path = Passwords;
			sourceTree = "<group>";
		};
		2E0845142349966500E905F2 /* PasswordsTests */ = {
			isa = PBXGroup;
			children = (
				2E0845152349966500E905F2 /* PasswordsTests.swift */,
				2E0845172349966500E905F2 /* Info.plist */,
			);
			path = PasswordsTests;
			sourceTree = "<group>";
		};
/* End PBXGroup section */

/* Begin PBXNativeTarget section */
		2E0844FA2349966300E905F2 /* Passwords */ = {
			isa = PBXNativeTarget;
			buildConfigurationList = 2E08451A2349966500E905F2 /* Build configuration list for PBXNativeTarget "Passwords" */;
			buildPhases = (
				2E0844F72349966300E905F2 /* Sources */,
				2E0844F82349966300E905F2 /* Frameworks */,
				2E0844F92349966300E905F2 /* Resources */,
			);
			buildRules = (
			);
			dependencies = (
			);
			name = Passwords;
			productName = Passwords;
			productReference = 2E0844FB2349966300E905F2 /* Passwords.app */;
			productType = "com.apple.product-type.application";
		};
		2E0845102349966500E905F2 /* PasswordsTests */ = {
			isa = PBXNativeTarget;
			buildConfigurationList = 2E08451D2349966500E905F2 /* Build configuration list for PBXNativeTarget "PasswordsTests" */;
			buildPhases = (
				2E08450D2349966500E905F2 /* Sources */,
				2E08450E2349966500E905F2 /* Frameworks */,
				2E08450F2349966500E905F2 /* Resources */,
			);
			buildRules = (
			);
			dependencies = (
				2E0845132349966500E905F2 /* PBXTargetDependency */,
			);
			name = PasswordsTests;
			productName = PasswordsTests;
			productReference = 2E0845112349966500E905F2 /* PasswordsTests.xctest */;
			productType = "com.apple.product-type.bundle.unit-test";
		};
/* End PBXNativeTarget section */

/* Begin PBXProject section */
		2E0844F32349966300E905F2 /* Project object */ = {
			isa = PBXProject;
			attributes = {
				LastSwiftUpdateCheck = 1100;
				LastUpgradeCheck = 1100;
				ORGANIZATIONNAME = "James Hadar";
				TargetAttributes = {
					2E0844FA2349966300E905F2 = {
						CreatedOnToolsVersion = 11.0;
					};
					2E0845102349966500E905F2 = {
						CreatedOnToolsVersion = 11.0;
						TestTargetID = 2E0844FA2349966300E905F2;
					};
				};
			};
			buildConfigurationList = 2E0844F62349966300E905F2 /* Build configuration list for PBXProject "Passwords" */;
			compatibilityVersion = "Xcode 9.3";
			developmentRegion = en;
			hasScannedForEncodings = 0;
			knownRegions = (
				en,
				Base,
			);
			mainGroup = 2E0844F22349966300E905F2;
			productRefGroup = 2E0844FC2349966300E905F2 /* Products */;
			projectDirPath = "";
			projectRoot = "";
			targets = (
				2E0844FA2349966300E905F2 /* Passwords */,
				2E0845102349966500E905F2 /* PasswordsTests */,
			);
		};
/* End PBXProject section */

/* Begin PBXResourcesBuildPhase section */
		2E0844F92349966300E905F2 /* Resources */ = {
			isa = PBXResourcesBuildPhase;
			buildActionMask = 2147483647;
			files = (
				2E08450B2349966500E905F2 /* LaunchScreen.storyboard in Resources */,
				2E0845082349966500E905F2 /* Assets.xcassets in Resources */,
				2E0845062349966300E905F2 /* Main.storyboard in Resources */,
			);
			runOnlyForDeploymentPostprocessing = 0;
		};
		2E08450F2349966500E905F2 /* Resources */ = {
			isa = PBXResourcesBuildPhase;
			buildActionMask = 2147483647;
			files = (
			);
			runOnlyForDeploymentPostprocessing = 0;
		};
/* End PBXResourcesBuildPhase section */

/* Begin PBXSourcesBuildPhase section */
		2E0844F72349966300E905F2 /* Sources */ = {
			isa = PBXSourcesBuildPhase;
			buildActionMask = 2147483647;
			files = (
				2E0845032349966300E905F2 /* ViewController.swift in Sources */,
				2E0844FF2349966300E905F2 /* AppDelegate.swift in Sources */,
				2E0845012349966300E905F2 /* SceneDelegate.swift in Sources */,
			);
			runOnlyForDeploymentPostprocessing = 0;
		};
		2E08450D2349966500E905F2 /* Sources */ = {
			isa = PBXSourcesBuildPhase;
			buildActionMask = 2147483647;
			files = (
				2E0845162349966500E905F2 /* PasswordsTests.swift in Sources */,
			);
			runOnlyForDeploymentPostprocessing = 0;
		};
/* End PBXSourcesBuildPhase section */

/* Begin PBXTargetDependency section */
		2E0845132349966500E905F2 /* PBXTargetDependency */ = {
			isa = PBXTargetDependency;
			target = 2E0844FA2349966300E905F2 /* Passwords */;
			targetProxy = 2E0845122349966500E905F2 /* PBXContainerItemProxy */;
		};
/* End PBXTargetDependency section */

/* Begin PBXVariantGroup section */
		2E0845042349966300E905F2 /* Main.storyboard */ = {
			isa = PBXVariantGroup;
			children = (
				2E0845052349966300E905F2 /* Base */,
			);
			name = Main.storyboard;
			sourceTree = "<group>";
		};
		2E0845092349966500E905F2 /* LaunchScreen.storyboard */ = {
			isa = PBXVariantGroup;
			children = (
				2E08450A2349966500E905F2 /* Base */,
			);
			name = LaunchScreen.storyboard;
			sourceTree = "<group>";
		};
/* End PBXVariantGroup section */

/* Begin XCBuildConfiguration section */
		2E0845182349966500E905F2 /* Debug */ = {
			isa = XCBuildConfiguration;
			buildSettings = {
				ALWAYS_SEARCH_USER_PATHS = NO;
				CLANG_ANALYZER_NONNULL = YES;
				CLANG_ANALYZER_NUMBER_OBJECT_CONVERSION = YES_AGGRESSIVE;
				CLANG_CXX_LANGUAGE_STANDARD = "gnu++14";
				CLANG_CXX_LIBRARY = "libc++";
				CLANG_ENABLE_MODULES = YES;
				CLANG_ENABLE_OBJC_ARC = YES;
				CLANG_ENABLE_OBJC_WEAK = YES;
				CLANG_WARN_BLOCK_CAPTURE_AUTORELEASING = YES;
				CLANG_WARN_BOOL_CONVERSION = YES;
				CLANG_WARN_COMMA = YES;
				CLANG_WARN_CONSTANT_CONVERSION = YES;
				CLANG_WARN_DEPRECATED_OBJC_IMPLEMENTATIONS = YES;
				CLANG_WARN_DIRECT_OBJC_ISA_USAGE = YES_ERROR;
				CLANG_WARN_DOCUMENTATION_COMMENTS = YES;
				CLANG_WARN_EMPTY_BODY = YES;
				CLANG_WARN_ENUM_CONVERSION = YES;
				CLANG_WARN_INFINITE_RECURSION = YES;
				CLANG_WARN_INT_CONVERSION = YES;
				CLANG_WARN_NON_LITERAL_NULL_CONVERSION = YES;
				CLANG_WARN_OBJC_IMPLICIT_RETAIN_SELF = YES;
				CLANG_WARN_OBJC_LITERAL_CONVERSION = YES;
				CLANG_WARN_OBJC_ROOT_CLASS = YES_ERROR;
				CLANG_WARN_RANGE_LOOP_ANALYSIS = YES;
				CLANG_WARN_STRICT_PROTOTYPES = YES;
				CLANG_WARN_SUSPICIOUS_MOVE = YES;
				CLANG_WARN_UNGUARDED_AVAILABILITY = YES_AGGRESSIVE;
				CLANG_WARN_UNREACHABLE_CODE = YES;
				CLANG_WARN__DUPLICATE_METHOD_MATCH = YES;
				COPY_PHASE_STRIP = NO;
				DEBUG_INFORMATION_FORMAT = dwarf;
				ENABLE_STRICT_OBJC_MSGSEND = YES;
				ENABLE_TESTABILITY = YES;
				GCC_C_LANGUAGE_STANDARD = gnu11;
				GCC_DYNAMIC_NO_PIC = NO;
				GCC_NO_COMMON_BLOCKS = YES;
				GCC_OPTIMIZATION_LEVEL = 0;
				GCC_PREPROCESSOR_DEFINITIONS = (
					"DEBUG=1",
					"$(inherited)",
				);
				GCC_WARN_64_TO_32_BIT_CONVERSION = YES;
				GCC_WARN_ABOUT_RETURN_TYPE = YES_ERROR;
				GCC_WARN_UNDECLARED_SELECTOR = YES;
				GCC_WARN_UNINITIALIZED_AUTOS = YES_AGGRESSIVE;
				GCC_WARN_UNUSED_FUNCTION = YES;
				GCC_WARN_UNUSED_VARIABLE = YES;
				IPHONEOS_DEPLOYMENT_TARGET = 13.0;
				MTL_ENABLE_DEBUG_INFO = INCLUDE_SOURCE;
				MTL_FAST_MATH = YES;
				ONLY_ACTIVE_ARCH = YES;
				SDKROOT = iphoneos;
				SWIFT_ACTIVE_COMPILATION_CONDITIONS = DEBUG;
				SWIFT_OPTIMIZATION_LEVEL = "-Onone";
			};
			name = Debug;
		};
		2E0845192349966500E905F2 /* Release */ = {
			isa = XCBuildConfiguration;
			buildSettings = {
				ALWAYS_SEARCH_USER_PATHS = NO;
				CLANG_ANALYZER_NONNULL = YES;
				CLANG_ANALYZER_NUMBER_OBJECT_CONVERSION = YES_AGGRESSIVE;
				CLANG_CXX_LANGUAGE_STANDARD = "gnu++14";
				CLANG_CXX_LIBRARY = "libc++";
				CLANG_ENABLE_MODULES = YES;
				CLANG_ENABLE_OBJC_ARC = YES;
				CLANG_ENABLE_OBJC_WEAK = YES;
				CLANG_WARN_BLOCK_CAPTURE_AUTORELEASING = YES;
				CLANG_WARN_BOOL_CONVERSION = YES;
				CLANG_WARN_COMMA = YES;
				CLANG_WARN_CONSTANT_CONVERSION = YES;
				CLANG_WARN_DEPRECATED_OBJC_IMPLEMENTATIONS = YES;
				CLANG_WARN_DIRECT_OBJC_ISA_USAGE = YES_ERROR;
				CLANG_WARN_DOCUMENTATION_COMMENTS = YES;
				CLANG_WARN_EMPTY_BODY = YES;
				CLANG_WARN_ENUM_CONVERSION = YES;
				CLANG_WARN_INFINITE_RECURSION = YES;
				CLANG_WARN_INT_CONVERSION = YES;
				CLANG_WARN_NON_LITERAL_NULL_CONVERSION = YES;
				CLANG_WARN_OBJC_IMPLICIT_RETAIN_SELF = YES;
				CLANG_WARN_OBJC_LITERAL_CONVERSION = YES;
				CLANG_WARN_OBJC_ROOT_CLASS = YES_ERROR;
				CLANG_WARN_RANGE_LOOP_ANALYSIS = YES;
				CLANG_WARN_STRICT_PROTOTYPES = YES;
				CLANG_WARN_SUSPICIOUS_MOVE = YES;
				CLANG_WARN_UNGUARDED_AVAILABILITY = YES_AGGRESSIVE;
				CLANG_WARN_UNREACHABLE_CODE = YES;
				CLANG_WARN__DUPLICATE_METHOD_MATCH = YES;
				COPY_PHASE_STRIP = NO;
				DEBUG_INFORMATION_FORMAT = "dwarf-with-dsym";
				ENABLE_NS_ASSERTIONS = NO;
				ENABLE_STRICT_OBJC_MSGSEND = YES;
				GCC_C_LANGUAGE_STANDARD = gnu11;
				GCC_NO_COMMON_BLOCKS = YES;
				GCC_WARN_64_TO_32_BIT_CONVERSION = YES;
				GCC_WARN_ABOUT_RETURN_TYPE = YES_ERROR;
				GCC_WARN_UNDECLARED_SELECTOR = YES;
				GCC_WARN_UNINITIALIZED_AUTOS = YES_AGGRESSIVE;
				GCC_WARN_UNUSED_FUNCTION = YES;
				GCC_WARN_UNUSED_VARIABLE = YES;
				IPHONEOS_DEPLOYMENT_TARGET = 13.0;
				MTL_ENABLE_DEBUG_INFO = NO;
				MTL_FAST_MATH = YES;
				SDKROOT = iphoneos;
				SWIFT_COMPILATION_MODE = wholemodule;
				SWIFT_OPTIMIZATION_LEVEL = "-O";
				VALIDATE_PRODUCT = YES;
			};
			name = Release;
		};
		2E08451B2349966500E905F2 /* Debug */ = {
			isa = XCBuildConfiguration;
			buildSettings = {
				ASSETCATALOG_COMPILER_APPICON_NAME = AppIcon;
				CODE_SIGN_STYLE = Automatic;
				DEVELOPMENT_TEAM = 974F777EET;
				INFOPLIST_FILE = Passwords/Info.plist;
				LD_RUNPATH_SEARCH_PATHS = (
					"$(inherited)",
					"@executable_path/Frameworks",
				);
				PRODUCT_BUNDLE_IDENTIFIER = me.jakehadar.Passwords;
				PRODUCT_NAME = "$(TARGET_NAME)";
				SWIFT_VERSION = 5.0;
				TARGETED_DEVICE_FAMILY = "1,2";
			};
			name = Debug;
		};
		2E08451C2349966500E905F2 /* Release */ = {
			isa = XCBuildConfiguration;
			buildSettings = {
				ASSETCATALOG_COMPILER_APPICON_NAME = AppIcon;
				CODE_SIGN_STYLE = Automatic;
				DEVELOPMENT_TEAM = 974F777EET;
				INFOPLIST_FILE = Passwords/Info.plist;
				LD_RUNPATH_SEARCH_PATHS = (
					"$(inherited)",
					"@executable_path/Frameworks",
				);
				PRODUCT_BUNDLE_IDENTIFIER = me.jakehadar.Passwords;
				PRODUCT_NAME = "$(TARGET_NAME)";
				SWIFT_VERSION = 5.0;
				TARGETED_DEVICE_FAMILY = "1,2";
			};
			name = Release;
		};
		2E08451E2349966500E905F2 /* Debug */ = {
			isa = XCBuildConfiguration;
			buildSettings = {
				ALWAYS_EMBED_SWIFT_STANDARD_LIBRARIES = YES;
				BUNDLE_LOADER = "$(TEST_HOST)";
				CODE_SIGN_STYLE = Automatic;
				DEVELOPMENT_TEAM = 974F777EET;
				INFOPLIST_FILE = PasswordsTests/Info.plist;
				IPHONEOS_DEPLOYMENT_TARGET = 13.0;
				LD_RUNPATH_SEARCH_PATHS = (
					"$(inherited)",
					"@executable_path/Frameworks",
					"@loader_path/Frameworks",
				);
				PRODUCT_BUNDLE_IDENTIFIER = me.jakehadar.PasswordsTests;
				PRODUCT_NAME = "$(TARGET_NAME)";
				SWIFT_VERSION = 5.0;
				TARGETED_DEVICE_FAMILY = "1,2";
				TEST_HOST = "$(BUILT_PRODUCTS_DIR)/Passwords.app/Passwords";
			};
			name = Debug;
		};
		2E08451F2349966500E905F2 /* Release */ = {
			isa = XCBuildConfiguration;
			buildSettings = {
				ALWAYS_EMBED_SWIFT_STANDARD_LIBRARIES = YES;
				BUNDLE_LOADER = "$(TEST_HOST)";
				CODE_SIGN_STYLE = Automatic;
				DEVELOPMENT_TEAM = 974F777EET;
				INFOPLIST_FILE = PasswordsTests/Info.plist;
				IPHONEOS_DEPLOYMENT_TARGET = 13.0;
				LD_RUNPATH_SEARCH_PATHS = (
					"$(inherited)",
					"@executable_path/Frameworks",
					"@loader_path/Frameworks",
				);
				PRODUCT_BUNDLE_IDENTIFIER = me.jakehadar.PasswordsTests;
				PRODUCT_NAME = "$(TARGET_NAME)";
				SWIFT_VERSION = 5.0;
				TARGETED_DEVICE_FAMILY = "1,2";
				TEST_HOST = "$(BUILT_PRODUCTS_DIR)/Passwords.app/Passwords";
			};
			name = Release;
		};
/* End XCBuildConfiguration section */

/* Begin XCConfigurationList section */
		2E0844F62349966300E905F2 /* Build configuration list for PBXProject "Passwords" */ = {
			isa = XCConfigurationList;
			buildConfigurations = (
				2E0845182349966500E905F2 /* Debug */,
				2E0845192349966500E905F2 /* Release */,
			);
			defaultConfigurationIsVisible = 0;
			defaultConfigurationName = Release;
		};
		2E08451A2349966500E905F2 /* Build configuration list for PBXNativeTarget "Passwords" */ = {
			isa = XCConfigurationList;
			buildConfigurations = (
				2E08451B2349966500E905F2 /* Debug */,
				2E08451C2349966500E905F2 /* Release */,
			);
			defaultConfigurationIsVisible = 0;
			defaultConfigurationName = Release;
		};
		2E08451D2349966500E905F2 /* Build configuration list for PBXNativeTarget "PasswordsTests" */ = {
			isa = XCConfigurationList;
			buildConfigurations = (
				2E08451E2349966500E905F2 /* Debug */,
				2E08451F2349966500E905F2 /* Release */,
			);
			defaultConfigurationIsVisible = 0;
			defaultConfigurationName = Release;
		};
/* End XCConfigurationList section */
	};
	rootObject = 2E0844F32349966300E905F2 /* Project object */;
}
