// !$*UTF8*$!
{
	archiveVersion = 1;
	classes = {
	};
	objectVersion = 50;
	objects = {

/* Begin PBXBuildFile section */
		2E08453A2349C72200E905F2 /* PasswordListDataController.swift in Sources */ = {isa = PBXBuildFile; fileRef = 2E0845392349C72200E905F2 /* PasswordListDataController.swift */; };
		2E08453D2349D42100E905F2 /* PasswordService.swift in Sources */ = {isa = PBXBuildFile; fileRef = 2E08453C2349D42100E905F2 /* PasswordService.swift */; };
		2E40FF9723AE772900B01DA8 /* AuthenticableViewController.swift in Sources */ = {isa = PBXBuildFile; fileRef = 2E40FF9623AE772900B01DA8 /* AuthenticableViewController.swift */; };
		2E84B7D6208B81450096B512 /* AppDelegate.swift in Sources */ = {isa = PBXBuildFile; fileRef = 2E84B7D5208B81450096B512 /* AppDelegate.swift */; };
		2E84B7DB208B81450096B512 /* Main.storyboard in Resources */ = {isa = PBXBuildFile; fileRef = 2E84B7D9208B81450096B512 /* Main.storyboard */; };
		2E84B7DD208B81460096B512 /* Assets.xcassets in Resources */ = {isa = PBXBuildFile; fileRef = 2E84B7DC208B81460096B512 /* Assets.xcassets */; };
		2E84B7E0208B81460096B512 /* LaunchScreen.storyboard in Resources */ = {isa = PBXBuildFile; fileRef = 2E84B7DE208B81460096B512 /* LaunchScreen.storyboard */; };
		2E84B7E9208B83A30096B512 /* KeychainItemAccessibility.swift in Sources */ = {isa = PBXBuildFile; fileRef = 2E84B7E7208B83A30096B512 /* KeychainItemAccessibility.swift */; };
		2E84B7EA208B83A30096B512 /* KeychainWrapper.swift in Sources */ = {isa = PBXBuildFile; fileRef = 2E84B7E8208B83A30096B512 /* KeychainWrapper.swift */; };
		2E84B816208B94C20096B512 /* PasswordListViewController.swift in Sources */ = {isa = PBXBuildFile; fileRef = 2E84B815208B94C20096B512 /* PasswordListViewController.swift */; };
		2E84B81A208B95340096B512 /* PasswordEditViewController.swift in Sources */ = {isa = PBXBuildFile; fileRef = 2E84B819208B95340096B512 /* PasswordEditViewController.swift */; };
		2E84B823208B98560096B512 /* MainCoordinator.swift in Sources */ = {isa = PBXBuildFile; fileRef = 2E84B822208B98560096B512 /* MainCoordinator.swift */; };
		2E84B825208BE5DA0096B512 /* Password.swift in Sources */ = {isa = PBXBuildFile; fileRef = 2E84B824208BE5DA0096B512 /* Password.swift */; };
		2E84B82D208BF0AE0096B512 /* DateHelper.swift in Sources */ = {isa = PBXBuildFile; fileRef = 2E84B82C208BF0AE0096B512 /* DateHelper.swift */; };
		2E84B830208E03010096B512 /* PasswordListDataSource.swift in Sources */ = {isa = PBXBuildFile; fileRef = 2E84B82F208E03010096B512 /* PasswordListDataSource.swift */; };
		2E84B832208EB9070096B512 /* PasswordDetailViewController.swift in Sources */ = {isa = PBXBuildFile; fileRef = 2E84B831208EB9070096B512 /* PasswordDetailViewController.swift */; };
		2E84B834208F5C730096B512 /* AuthenticationViewController.swift in Sources */ = {isa = PBXBuildFile; fileRef = 2E84B833208F5C730096B512 /* AuthenticationViewController.swift */; };
		2EBE73E223A3AE88006C48C8 /* ExportViewController.swift in Sources */ = {isa = PBXBuildFile; fileRef = 2EBE73E123A3AE88006C48C8 /* ExportViewController.swift */; };
/* End PBXBuildFile section */

/* Begin PBXFileReference section */
		2E0845392349C72200E905F2 /* PasswordListDataController.swift */ = {isa = PBXFileReference; lastKnownFileType = sourcecode.swift; path = PasswordListDataController.swift; sourceTree = "<group>"; };
		2E08453C2349D42100E905F2 /* PasswordService.swift */ = {isa = PBXFileReference; lastKnownFileType = sourcecode.swift; path = PasswordService.swift; sourceTree = "<group>"; };
		2E40FF9623AE772900B01DA8 /* AuthenticableViewController.swift */ = {isa = PBXFileReference; lastKnownFileType = sourcecode.swift; path = AuthenticableViewController.swift; sourceTree = "<group>"; };
		2E84B7D2208B81450096B512 /* Passwords.app */ = {isa = PBXFileReference; explicitFileType = wrapper.application; includeInIndex = 0; path = Passwords.app; sourceTree = BUILT_PRODUCTS_DIR; };
		2E84B7D5208B81450096B512 /* AppDelegate.swift */ = {isa = PBXFileReference; lastKnownFileType = sourcecode.swift; path = AppDelegate.swift; sourceTree = "<group>"; };
		2E84B7DA208B81450096B512 /* Base */ = {isa = PBXFileReference; lastKnownFileType = file.storyboard; name = Base; path = Base.lproj/Main.storyboard; sourceTree = "<group>"; };
		2E84B7DC208B81460096B512 /* Assets.xcassets */ = {isa = PBXFileReference; lastKnownFileType = folder.assetcatalog; path = Assets.xcassets; sourceTree = "<group>"; };
		2E84B7DF208B81460096B512 /* Base */ = {isa = PBXFileReference; lastKnownFileType = file.storyboard; name = Base; path = Base.lproj/LaunchScreen.storyboard; sourceTree = "<group>"; };
		2E84B7E1208B81470096B512 /* Info.plist */ = {isa = PBXFileReference; lastKnownFileType = text.plist.xml; path = Info.plist; sourceTree = "<group>"; };
		2E84B7E7208B83A30096B512 /* KeychainItemAccessibility.swift */ = {isa = PBXFileReference; fileEncoding = 4; lastKnownFileType = sourcecode.swift; path = KeychainItemAccessibility.swift; sourceTree = "<group>"; };
		2E84B7E8208B83A30096B512 /* KeychainWrapper.swift */ = {isa = PBXFileReference; fileEncoding = 4; lastKnownFileType = sourcecode.swift; path = KeychainWrapper.swift; sourceTree = "<group>"; };
		2E84B815208B94C20096B512 /* PasswordListViewController.swift */ = {isa = PBXFileReference; lastKnownFileType = sourcecode.swift; path = PasswordListViewController.swift; sourceTree = "<group>"; };
		2E84B819208B95340096B512 /* PasswordEditViewController.swift */ = {isa = PBXFileReference; lastKnownFileType = sourcecode.swift; path = PasswordEditViewController.swift; sourceTree = "<group>"; };
		2E84B822208B98560096B512 /* MainCoordinator.swift */ = {isa = PBXFileReference; lastKnownFileType = sourcecode.swift; path = MainCoordinator.swift; sourceTree = "<group>"; };
		2E84B824208BE5DA0096B512 /* Password.swift */ = {isa = PBXFileReference; lastKnownFileType = sourcecode.swift; path = Password.swift; sourceTree = "<group>"; };
		2E84B82C208BF0AE0096B512 /* DateHelper.swift */ = {isa = PBXFileReference; lastKnownFileType = sourcecode.swift; path = DateHelper.swift; sourceTree = "<group>"; };
		2E84B82F208E03010096B512 /* PasswordListDataSource.swift */ = {isa = PBXFileReference; lastKnownFileType = sourcecode.swift; path = PasswordListDataSource.swift; sourceTree = "<group>"; };
		2E84B831208EB9070096B512 /* PasswordDetailViewController.swift */ = {isa = PBXFileReference; lastKnownFileType = sourcecode.swift; path = PasswordDetailViewController.swift; sourceTree = "<group>"; };
		2E84B833208F5C730096B512 /* AuthenticationViewController.swift */ = {isa = PBXFileReference; lastKnownFileType = sourcecode.swift; path = AuthenticationViewController.swift; sourceTree = "<group>"; };
		2EBE73E123A3AE88006C48C8 /* ExportViewController.swift */ = {isa = PBXFileReference; lastKnownFileType = sourcecode.swift; path = ExportViewController.swift; sourceTree = "<group>"; };
/* End PBXFileReference section */

/* Begin PBXFrameworksBuildPhase section */
		2E84B7CF208B81450096B512 /* Frameworks */ = {
			isa = PBXFrameworksBuildPhase;
			buildActionMask = 2147483647;
			files = (
			);
			runOnlyForDeploymentPostprocessing = 0;
		};
/* End PBXFrameworksBuildPhase section */

/* Begin PBXGroup section */
		2E0845382349C6B500E905F2 /* Controller */ = {
			isa = PBXGroup;
			children = (
				2E84B82F208E03010096B512 /* PasswordListDataSource.swift */,
				2E0845392349C72200E905F2 /* PasswordListDataController.swift */,
			);
			path = Controller;
			sourceTree = "<group>";
		};
		2E08453B2349D40E00E905F2 /* Service */ = {
			isa = PBXGroup;
			children = (
				2E08453C2349D42100E905F2 /* PasswordService.swift */,
			);
			path = Service;
			sourceTree = "<group>";
		};
		2E84B7C9208B81450096B512 = {
			isa = PBXGroup;
			children = (
				2E84B7D4208B81450096B512 /* Passwords */,
				2E84B7D3208B81450096B512 /* Products */,
			);
			sourceTree = "<group>";
		};
		2E84B7D3208B81450096B512 /* Products */ = {
			isa = PBXGroup;
			children = (
				2E84B7D2208B81450096B512 /* Passwords.app */,
			);
			name = Products;
			sourceTree = "<group>";
		};
		2E84B7D4208B81450096B512 /* Passwords */ = {
			isa = PBXGroup;
			children = (
				2E84B7D5208B81450096B512 /* AppDelegate.swift */,
				2E08453B2349D40E00E905F2 /* Service */,
				2E84B826208BE5E10096B512 /* Model */,
				2E84B821208B95B50096B512 /* Coordinator */,
				2E84B81C208B95810096B512 /* View */,
				2E0845382349C6B500E905F2 /* Controller */,
				2E84B82E208BF0B40096B512 /* Helpers */,
				2E84B7D9208B81450096B512 /* Main.storyboard */,
				2E84B7DC208B81460096B512 /* Assets.xcassets */,
				2E84B7DE208B81460096B512 /* LaunchScreen.storyboard */,
				2E84B7E1208B81470096B512 /* Info.plist */,
			);
			path = Passwords;
			sourceTree = "<group>";
		};
		2E84B81C208B95810096B512 /* View */ = {
			isa = PBXGroup;
			children = (
				2E40FF9623AE772900B01DA8 /* AuthenticableViewController.swift */,
				2E84B815208B94C20096B512 /* PasswordListViewController.swift */,
				2E84B819208B95340096B512 /* PasswordEditViewController.swift */,
				2E84B831208EB9070096B512 /* PasswordDetailViewController.swift */,
				2E84B833208F5C730096B512 /* AuthenticationViewController.swift */,
				2EBE73E123A3AE88006C48C8 /* ExportViewController.swift */,
			);
			path = View;
			sourceTree = "<group>";
		};
		2E84B821208B95B50096B512 /* Coordinator */ = {
			isa = PBXGroup;
			children = (
				2E84B822208B98560096B512 /* MainCoordinator.swift */,
			);
			path = Coordinator;
			sourceTree = "<group>";
		};
		2E84B826208BE5E10096B512 /* Model */ = {
			isa = PBXGroup;
			children = (
				2E84B824208BE5DA0096B512 /* Password.swift */,
			);
			path = Model;
			sourceTree = "<group>";
		};
		2E84B82E208BF0B40096B512 /* Helpers */ = {
			isa = PBXGroup;
			children = (
				2E84B7E7208B83A30096B512 /* KeychainItemAccessibility.swift */,
				2E84B7E8208B83A30096B512 /* KeychainWrapper.swift */,
				2E84B82C208BF0AE0096B512 /* DateHelper.swift */,
			);
			path = Helpers;
			sourceTree = "<group>";
		};
/* End PBXGroup section */

/* Begin PBXNativeTarget section */
		2E84B7D1208B81450096B512 /* Passwords */ = {
			isa = PBXNativeTarget;
			buildConfigurationList = 2E84B7E4208B81470096B512 /* Build configuration list for PBXNativeTarget "Passwords" */;
			buildPhases = (
				2E84B7CE208B81450096B512 /* Sources */,
				2E84B7CF208B81450096B512 /* Frameworks */,
				2E84B7D0208B81450096B512 /* Resources */,
			);
			buildRules = (
			);
			dependencies = (
			);
			name = Passwords;
			productName = Passwords;
			productReference = 2E84B7D2208B81450096B512 /* Passwords.app */;
			productType = "com.apple.product-type.application";
		};
/* End PBXNativeTarget section */

/* Begin PBXProject section */
		2E84B7CA208B81450096B512 /* Project object */ = {
			isa = PBXProject;
			attributes = {
				LastSwiftUpdateCheck = 0930;
				LastUpgradeCheck = 0930;
				ORGANIZATIONNAME = "James Hadar";
				TargetAttributes = {
					2E84B7D1208B81450096B512 = {
						CreatedOnToolsVersion = 9.3;
					};
				};
			};
			buildConfigurationList = 2E84B7CD208B81450096B512 /* Build configuration list for PBXProject "Passwords" */;
			compatibilityVersion = "Xcode 9.3";
			developmentRegion = en;
			hasScannedForEncodings = 0;
			knownRegions = (
				en,
				Base,
			);
			mainGroup = 2E84B7C9208B81450096B512;
			productRefGroup = 2E84B7D3208B81450096B512 /* Products */;
			projectDirPath = "";
			projectRoot = "";
			targets = (
				2E84B7D1208B81450096B512 /* Passwords */,
			);
		};
/* End PBXProject section */

/* Begin PBXResourcesBuildPhase section */
		2E84B7D0208B81450096B512 /* Resources */ = {
			isa = PBXResourcesBuildPhase;
			buildActionMask = 2147483647;
			files = (
				2E84B7E0208B81460096B512 /* LaunchScreen.storyboard in Resources */,
				2E84B7DD208B81460096B512 /* Assets.xcassets in Resources */,
				2E84B7DB208B81450096B512 /* Main.storyboard in Resources */,
			);
			runOnlyForDeploymentPostprocessing = 0;
		};
/* End PBXResourcesBuildPhase section */

/* Begin PBXSourcesBuildPhase section */
		2E84B7CE208B81450096B512 /* Sources */ = {
			isa = PBXSourcesBuildPhase;
			buildActionMask = 2147483647;
			files = (
				2E84B7EA208B83A30096B512 /* KeychainWrapper.swift in Sources */,
				2E84B816208B94C20096B512 /* PasswordListViewController.swift in Sources */,
				2E84B81A208B95340096B512 /* PasswordEditViewController.swift in Sources */,
				2E84B7D6208B81450096B512 /* AppDelegate.swift in Sources */,
				2E08453D2349D42100E905F2 /* PasswordService.swift in Sources */,
				2E84B7E9208B83A30096B512 /* KeychainItemAccessibility.swift in Sources */,
				2EBE73E223A3AE88006C48C8 /* ExportViewController.swift in Sources */,
				2E84B832208EB9070096B512 /* PasswordDetailViewController.swift in Sources */,
				2E84B834208F5C730096B512 /* AuthenticationViewController.swift in Sources */,
				2E84B830208E03010096B512 /* PasswordListDataSource.swift in Sources */,
				2E40FF9723AE772900B01DA8 /* AuthenticableViewController.swift in Sources */,
				2E84B82D208BF0AE0096B512 /* DateHelper.swift in Sources */,
				2E84B825208BE5DA0096B512 /* Password.swift in Sources */,
				2E84B823208B98560096B512 /* MainCoordinator.swift in Sources */,
				2E08453A2349C72200E905F2 /* PasswordListDataController.swift in Sources */,
			);
			runOnlyForDeploymentPostprocessing = 0;
		};
/* End PBXSourcesBuildPhase section */

/* Begin PBXVariantGroup section */
		2E84B7D9208B81450096B512 /* Main.storyboard */ = {
			isa = PBXVariantGroup;
			children = (
				2E84B7DA208B81450096B512 /* Base */,
			);
			name = Main.storyboard;
			sourceTree = "<group>";
		};
		2E84B7DE208B81460096B512 /* LaunchScreen.storyboard */ = {
			isa = PBXVariantGroup;
			children = (
				2E84B7DF208B81460096B512 /* Base */,
			);
			name = LaunchScreen.storyboard;
			sourceTree = "<group>";
		};
/* End PBXVariantGroup section */

/* Begin XCBuildConfiguration section */
		2E84B7E2208B81470096B512 /* Debug */ = {
			isa = XCBuildConfiguration;
			buildSettings = {
				ALWAYS_SEARCH_USER_PATHS = NO;
				CLANG_ANALYZER_NONNULL = YES;
				CLANG_ANALYZER_NUMBER_OBJECT_CONVERSION = YES_AGGRESSIVE;
				CLANG_CXX_LANGUAGE_STANDARD = "gnu++14";
				CLANG_CXX_LIBRARY = "libc++";
				CLANG_ENABLE_MODULES = YES;
				CLANG_ENABLE_OBJC_ARC = YES;
				CLANG_ENABLE_OBJC_WEAK = YES;
				CLANG_WARN_BLOCK_CAPTURE_AUTORELEASING = YES;
				CLANG_WARN_BOOL_CONVERSION = YES;
				CLANG_WARN_COMMA = YES;
				CLANG_WARN_CONSTANT_CONVERSION = YES;
				CLANG_WARN_DEPRECATED_OBJC_IMPLEMENTATIONS = YES;
				CLANG_WARN_DIRECT_OBJC_ISA_USAGE = YES_ERROR;
				CLANG_WARN_DOCUMENTATION_COMMENTS = YES;
				CLANG_WARN_EMPTY_BODY = YES;
				CLANG_WARN_ENUM_CONVERSION = YES;
				CLANG_WARN_INFINITE_RECURSION = YES;
				CLANG_WARN_INT_CONVERSION = YES;
				CLANG_WARN_NON_LITERAL_NULL_CONVERSION = YES;
				CLANG_WARN_OBJC_IMPLICIT_RETAIN_SELF = YES;
				CLANG_WARN_OBJC_LITERAL_CONVERSION = YES;
				CLANG_WARN_OBJC_ROOT_CLASS = YES_ERROR;
				CLANG_WARN_RANGE_LOOP_ANALYSIS = YES;
				CLANG_WARN_STRICT_PROTOTYPES = YES;
				CLANG_WARN_SUSPICIOUS_MOVE = YES;
				CLANG_WARN_UNGUARDED_AVAILABILITY = YES_AGGRESSIVE;
				CLANG_WARN_UNREACHABLE_CODE = YES;
				CLANG_WARN__DUPLICATE_METHOD_MATCH = YES;
				CODE_SIGN_IDENTITY = "iPhone Developer";
				COPY_PHASE_STRIP = NO;
				DEBUG_INFORMATION_FORMAT = dwarf;
				ENABLE_STRICT_OBJC_MSGSEND = YES;
				ENABLE_TESTABILITY = YES;
				GCC_C_LANGUAGE_STANDARD = gnu11;
				GCC_DYNAMIC_NO_PIC = NO;
				GCC_NO_COMMON_BLOCKS = YES;
				GCC_OPTIMIZATION_LEVEL = 0;
				GCC_PREPROCESSOR_DEFINITIONS = (
					"DEBUG=1",
					"$(inherited)",
				);
				GCC_WARN_64_TO_32_BIT_CONVERSION = YES;
				GCC_WARN_ABOUT_RETURN_TYPE = YES_ERROR;
				GCC_WARN_UNDECLARED_SELECTOR = YES;
				GCC_WARN_UNINITIALIZED_AUTOS = YES_AGGRESSIVE;
				GCC_WARN_UNUSED_FUNCTION = YES;
				GCC_WARN_UNUSED_VARIABLE = YES;
				IPHONEOS_DEPLOYMENT_TARGET = 11.3;
				MTL_ENABLE_DEBUG_INFO = YES;
				ONLY_ACTIVE_ARCH = YES;
				SDKROOT = iphoneos;
				SWIFT_ACTIVE_COMPILATION_CONDITIONS = DEBUG;
				SWIFT_OPTIMIZATION_LEVEL = "-Onone";
			};
			name = Debug;
		};
		2E84B7E3208B81470096B512 /* Release */ = {
			isa = XCBuildConfiguration;
			buildSettings = {
				ALWAYS_SEARCH_USER_PATHS = NO;
				CLANG_ANALYZER_NONNULL = YES;
				CLANG_ANALYZER_NUMBER_OBJECT_CONVERSION = YES_AGGRESSIVE;
				CLANG_CXX_LANGUAGE_STANDARD = "gnu++14";
				CLANG_CXX_LIBRARY = "libc++";
				CLANG_ENABLE_MODULES = YES;
				CLANG_ENABLE_OBJC_ARC = YES;
				CLANG_ENABLE_OBJC_WEAK = YES;
				CLANG_WARN_BLOCK_CAPTURE_AUTORELEASING = YES;
				CLANG_WARN_BOOL_CONVERSION = YES;
				CLANG_WARN_COMMA = YES;
				CLANG_WARN_CONSTANT_CONVERSION = YES;
				CLANG_WARN_DEPRECATED_OBJC_IMPLEMENTATIONS = YES;
				CLANG_WARN_DIRECT_OBJC_ISA_USAGE = YES_ERROR;
				CLANG_WARN_DOCUMENTATION_COMMENTS = YES;
				CLANG_WARN_EMPTY_BODY = YES;
				CLANG_WARN_ENUM_CONVERSION = YES;
				CLANG_WARN_INFINITE_RECURSION = YES;
				CLANG_WARN_INT_CONVERSION = YES;
				CLANG_WARN_NON_LITERAL_NULL_CONVERSION = YES;
				CLANG_WARN_OBJC_IMPLICIT_RETAIN_SELF = YES;
				CLANG_WARN_OBJC_LITERAL_CONVERSION = YES;
				CLANG_WARN_OBJC_ROOT_CLASS = YES_ERROR;
				CLANG_WARN_RANGE_LOOP_ANALYSIS = YES;
				CLANG_WARN_STRICT_PROTOTYPES = YES;
				CLANG_WARN_SUSPICIOUS_MOVE = YES;
				CLANG_WARN_UNGUARDED_AVAILABILITY = YES_AGGRESSIVE;
				CLANG_WARN_UNREACHABLE_CODE = YES;
				CLANG_WARN__DUPLICATE_METHOD_MATCH = YES;
				CODE_SIGN_IDENTITY = "iPhone Developer";
				COPY_PHASE_STRIP = NO;
				DEBUG_INFORMATION_FORMAT = "dwarf-with-dsym";
				ENABLE_NS_ASSERTIONS = NO;
				ENABLE_STRICT_OBJC_MSGSEND = YES;
				GCC_C_LANGUAGE_STANDARD = gnu11;
				GCC_NO_COMMON_BLOCKS = YES;
				GCC_WARN_64_TO_32_BIT_CONVERSION = YES;
				GCC_WARN_ABOUT_RETURN_TYPE = YES_ERROR;
				GCC_WARN_UNDECLARED_SELECTOR = YES;
				GCC_WARN_UNINITIALIZED_AUTOS = YES_AGGRESSIVE;
				GCC_WARN_UNUSED_FUNCTION = YES;
				GCC_WARN_UNUSED_VARIABLE = YES;
				IPHONEOS_DEPLOYMENT_TARGET = 11.3;
				MTL_ENABLE_DEBUG_INFO = NO;
				SDKROOT = iphoneos;
				SWIFT_COMPILATION_MODE = wholemodule;
				SWIFT_OPTIMIZATION_LEVEL = "-O";
				VALIDATE_PRODUCT = YES;
			};
			name = Release;
		};
		2E84B7E5208B81470096B512 /* Debug */ = {
			isa = XCBuildConfiguration;
			buildSettings = {
				ASSETCATALOG_COMPILER_APPICON_NAME = AppIcon;
				CODE_SIGN_STYLE = Automatic;
				DEVELOPMENT_TEAM = 974F777EET;
				INFOPLIST_FILE = Passwords/Info.plist;
				IPHONEOS_DEPLOYMENT_TARGET = 12.4;
				LD_RUNPATH_SEARCH_PATHS = (
					"$(inherited)",
					"@executable_path/Frameworks",
				);
				"OTHER_SWIFT_FLAGS[arch=*]" = "-DDEBUG";
				PRODUCT_BUNDLE_IDENTIFIER = me.jakehadar.Passwords;
				PRODUCT_NAME = "$(TARGET_NAME)";
				SWIFT_VERSION = 4.0;
				TARGETED_DEVICE_FAMILY = 1;
			};
			name = Debug;
		};
		2E84B7E6208B81470096B512 /* Release */ = {
			isa = XCBuildConfiguration;
			buildSettings = {
				ASSETCATALOG_COMPILER_APPICON_NAME = AppIcon;
				CODE_SIGN_STYLE = Automatic;
				DEVELOPMENT_TEAM = 974F777EET;
				INFOPLIST_FILE = Passwords/Info.plist;
				IPHONEOS_DEPLOYMENT_TARGET = 12.4;
				LD_RUNPATH_SEARCH_PATHS = (
					"$(inherited)",
					"@executable_path/Frameworks",
				);
				"OTHER_SWIFT_FLAGS[arch=*]" = "-DRELEASE";
				PRODUCT_BUNDLE_IDENTIFIER = me.jakehadar.Passwords;
				PRODUCT_NAME = "$(TARGET_NAME)";
				SWIFT_VERSION = 4.0;
				TARGETED_DEVICE_FAMILY = 1;
			};
			name = Release;
		};
/* End XCBuildConfiguration section */

/* Begin XCConfigurationList section */
		2E84B7CD208B81450096B512 /* Build configuration list for PBXProject "Passwords" */ = {
			isa = XCConfigurationList;
			buildConfigurations = (
				2E84B7E2208B81470096B512 /* Debug */,
				2E84B7E3208B81470096B512 /* Release */,
			);
			defaultConfigurationIsVisible = 0;
			defaultConfigurationName = Release;
		};
		2E84B7E4208B81470096B512 /* Build configuration list for PBXNativeTarget "Passwords" */ = {
			isa = XCConfigurationList;
			buildConfigurations = (
				2E84B7E5208B81470096B512 /* Debug */,
				2E84B7E6208B81470096B512 /* Release */,
			);
			defaultConfigurationIsVisible = 0;
			defaultConfigurationName = Release;
		};
/* End XCConfigurationList section */
	};
	rootObject = 2E84B7CA208B81450096B512 /* Project object */;
}
